// !$*UTF8*$!
{
	archiveVersion = 1;
	classes = {
	};
	objectVersion = 50;
	objects = {

/* Begin PBXBuildFile section */
		18B4B7B022709B24009DEE68 /* NotificationManager.swift in Sources */ = {isa = PBXBuildFile; fileRef = 18B4B7AF22709B24009DEE68 /* NotificationManager.swift */; };
		18B4B7B22270A024009DEE68 /* popUpReminderView.swift in Sources */ = {isa = PBXBuildFile; fileRef = 18B4B7B12270A024009DEE68 /* popUpReminderView.swift */; };
		18B4B7B42270A53C009DEE68 /* banner.png in Resources */ = {isa = PBXBuildFile; fileRef = 18B4B7B32270A53C009DEE68 /* banner.png */; };
		18C06BD8226F7AF3008F9985 /* AppDelegate.swift in Sources */ = {isa = PBXBuildFile; fileRef = 18C06BD7226F7AF3008F9985 /* AppDelegate.swift */; };
		18C06BDD226F7AF3008F9985 /* Main.storyboard in Resources */ = {isa = PBXBuildFile; fileRef = 18C06BDB226F7AF3008F9985 /* Main.storyboard */; };
		18C06BE0226F7AF3008F9985 /* Noteapp.xcdatamodeld in Sources */ = {isa = PBXBuildFile; fileRef = 18C06BDE226F7AF3008F9985 /* Noteapp.xcdatamodeld */; };
		18C06BE2226F7B12008F9985 /* Assets.xcassets in Resources */ = {isa = PBXBuildFile; fileRef = 18C06BE1226F7B12008F9985 /* Assets.xcassets */; };
		18C06BE5226F7B12008F9985 /* LaunchScreen.storyboard in Resources */ = {isa = PBXBuildFile; fileRef = 18C06BE3226F7B12008F9985 /* LaunchScreen.storyboard */; };
		18D373B9227029150045B40D /*  NoteTableViewController.swift in Sources */ = {isa = PBXBuildFile; fileRef = 18D373B8227029150045B40D /*  NoteTableViewController.swift */; };
		18D373BB2270294C0045B40D /* NoteAddViewController.swift in Sources */ = {isa = PBXBuildFile; fileRef = 18D373BA2270294C0045B40D /* NoteAddViewController.swift */; };
/* End PBXBuildFile section */

/* Begin PBXFileReference section */
		18B4B7AF22709B24009DEE68 /* NotificationManager.swift */ = {isa = PBXFileReference; lastKnownFileType = sourcecode.swift; path = NotificationManager.swift; sourceTree = "<group>"; };
		18B4B7B12270A024009DEE68 /* popUpReminderView.swift */ = {isa = PBXFileReference; lastKnownFileType = sourcecode.swift; path = popUpReminderView.swift; sourceTree = "<group>"; };
		18B4B7B32270A53C009DEE68 /* banner.png */ = {isa = PBXFileReference; lastKnownFileType = image.png; path = banner.png; sourceTree = "<group>"; };
		18C06BD4226F7AF3008F9985 /* Noteapp.app */ = {isa = PBXFileReference; explicitFileType = wrapper.application; includeInIndex = 0; path = Noteapp.app; sourceTree = BUILT_PRODUCTS_DIR; };
		18C06BD7226F7AF3008F9985 /* AppDelegate.swift */ = {isa = PBXFileReference; lastKnownFileType = sourcecode.swift; path = AppDelegate.swift; sourceTree = "<group>"; };
		18C06BDC226F7AF3008F9985 /* Base */ = {isa = PBXFileReference; lastKnownFileType = file.storyboard; name = Base; path = Base.lproj/Main.storyboard; sourceTree = "<group>"; };
		18C06BDF226F7AF3008F9985 /* Noteapp.xcdatamodel */ = {isa = PBXFileReference; lastKnownFileType = wrapper.xcdatamodel; path = Noteapp.xcdatamodel; sourceTree = "<group>"; };
		18C06BE1226F7B12008F9985 /* Assets.xcassets */ = {isa = PBXFileReference; lastKnownFileType = folder.assetcatalog; path = Assets.xcassets; sourceTree = "<group>"; };
		18C06BE4226F7B12008F9985 /* Base */ = {isa = PBXFileReference; lastKnownFileType = file.storyboard; name = Base; path = Base.lproj/LaunchScreen.storyboard; sourceTree = "<group>"; };
		18C06BE6226F7B12008F9985 /* Info.plist */ = {isa = PBXFileReference; lastKnownFileType = text.plist.xml; path = Info.plist; sourceTree = "<group>"; };
		18D373B8227029150045B40D /*  NoteTableViewController.swift */ = {isa = PBXFileReference; lastKnownFileType = sourcecode.swift; path = " NoteTableViewController.swift"; sourceTree = "<group>"; };
		18D373BA2270294C0045B40D /* NoteAddViewController.swift */ = {isa = PBXFileReference; lastKnownFileType = sourcecode.swift; path = NoteAddViewController.swift; sourceTree = "<group>"; };
/* End PBXFileReference section */

/* Begin PBXFrameworksBuildPhase section */
		18C06BD1226F7AF3008F9985 /* Frameworks */ = {
			isa = PBXFrameworksBuildPhase;
			buildActionMask = 2147483647;
			files = (
			);
			runOnlyForDeploymentPostprocessing = 0;
		};
/* End PBXFrameworksBuildPhase section */

/* Begin PBXGroup section */
		18C06BCB226F7AF3008F9985 = {
			isa = PBXGroup;
			children = (
				18C06BD6226F7AF3008F9985 /* Noteapp */,
				18C06BD5226F7AF3008F9985 /* Products */,
			);
			sourceTree = "<group>";
		};
		18C06BD5226F7AF3008F9985 /* Products */ = {
			isa = PBXGroup;
			children = (
				18C06BD4226F7AF3008F9985 /* Noteapp.app */,
			);
			name = Products;
			sourceTree = "<group>";
		};
		18C06BD6226F7AF3008F9985 /* Noteapp */ = {
			isa = PBXGroup;
			children = (
				18B4B7B32270A53C009DEE68 /* banner.png */,
				18C06BD7226F7AF3008F9985 /* AppDelegate.swift */,
				18D373B8227029150045B40D /*  NoteTableViewController.swift */,
				18D373BA2270294C0045B40D /* NoteAddViewController.swift */,
				18B4B7B12270A024009DEE68 /* popUpReminderView.swift */,
				18B4B7AF22709B24009DEE68 /* NotificationManager.swift */,
				18C06BDB226F7AF3008F9985 /* Main.storyboard */,
				18C06BE1226F7B12008F9985 /* Assets.xcassets */,
				18C06BE3226F7B12008F9985 /* LaunchScreen.storyboard */,
				18C06BE6226F7B12008F9985 /* Info.plist */,
				18C06BDE226F7AF3008F9985 /* Noteapp.xcdatamodeld */,
			);
			path = Noteapp;
			sourceTree = "<group>";
		};
/* End PBXGroup section */

/* Begin PBXNativeTarget section */
		18C06BD3226F7AF3008F9985 /* Noteapp */ = {
			isa = PBXNativeTarget;
			buildConfigurationList = 18C06BE9226F7B12008F9985 /* Build configuration list for PBXNativeTarget "Noteapp" */;
			buildPhases = (
				18C06BD0226F7AF3008F9985 /* Sources */,
				18C06BD1226F7AF3008F9985 /* Frameworks */,
				18C06BD2226F7AF3008F9985 /* Resources */,
			);
			buildRules = (
			);
			dependencies = (
			);
			name = Noteapp;
			productName = Noteapp;
			productReference = 18C06BD4226F7AF3008F9985 /* Noteapp.app */;
			productType = "com.apple.product-type.application";
		};
/* End PBXNativeTarget section */

/* Begin PBXProject section */
		18C06BCC226F7AF3008F9985 /* Project object */ = {
			isa = PBXProject;
			attributes = {
				LastSwiftUpdateCheck = 1010;
				LastUpgradeCheck = 1010;
				ORGANIZATIONNAME = JP.LLC;
				TargetAttributes = {
					18C06BD3226F7AF3008F9985 = {
						CreatedOnToolsVersion = 10.1;
					};
				};
			};
			buildConfigurationList = 18C06BCF226F7AF3008F9985 /* Build configuration list for PBXProject "Noteapp" */;
			compatibilityVersion = "Xcode 9.3";
			developmentRegion = en;
			hasScannedForEncodings = 0;
			knownRegions = (
				en,
				Base,
			);
			mainGroup = 18C06BCB226F7AF3008F9985;
			productRefGroup = 18C06BD5226F7AF3008F9985 /* Products */;
			projectDirPath = "";
			projectRoot = "";
			targets = (
				18C06BD3226F7AF3008F9985 /* Noteapp */,
			);
		};
/* End PBXProject section */

/* Begin PBXResourcesBuildPhase section */
		18C06BD2226F7AF3008F9985 /* Resources */ = {
			isa = PBXResourcesBuildPhase;
			buildActionMask = 2147483647;
			files = (
				18C06BE5226F7B12008F9985 /* LaunchScreen.storyboard in Resources */,
				18C06BE2226F7B12008F9985 /* Assets.xcassets in Resources */,
				18C06BDD226F7AF3008F9985 /* Main.storyboard in Resources */,
				18B4B7B42270A53C009DEE68 /* banner.png in Resources */,
			);
			runOnlyForDeploymentPostprocessing = 0;
		};
/* End PBXResourcesBuildPhase section */

/* Begin PBXSourcesBuildPhase section */
		18C06BD0226F7AF3008F9985 /* Sources */ = {
			isa = PBXSourcesBuildPhase;
			buildActionMask = 2147483647;
			files = (
				18B4B7B022709B24009DEE68 /* NotificationManager.swift in Sources */,
				18D373BB2270294C0045B40D /* NoteAddViewController.swift in Sources */,
				18D373B9227029150045B40D /*  NoteTableViewController.swift in Sources */,
				18C06BD8226F7AF3008F9985 /* AppDelegate.swift in Sources */,
				18C06BE0226F7AF3008F9985 /* Noteapp.xcdatamodeld in Sources */,
				18B4B7B22270A024009DEE68 /* popUpReminderView.swift in Sources */,
			);
			runOnlyForDeploymentPostprocessing = 0;
		};
/* End PBXSourcesBuildPhase section */

/* Begin PBXVariantGroup section */
		18C06BDB226F7AF3008F9985 /* Main.storyboard */ = {
			isa = PBXVariantGroup;
			children = (
				18C06BDC226F7AF3008F9985 /* Base */,
			);
			name = Main.storyboard;
			sourceTree = "<group>";
		};
		18C06BE3226F7B12008F9985 /* LaunchScreen.storyboard */ = {
			isa = PBXVariantGroup;
			children = (
				18C06BE4226F7B12008F9985 /* Base */,
			);
			name = LaunchScreen.storyboard;
			sourceTree = "<group>";
		};
/* End PBXVariantGroup section */

/* Begin XCBuildConfiguration section */
		18C06BE7226F7B12008F9985 /* Debug */ = {
			isa = XCBuildConfiguration;
			buildSettings = {
				ALWAYS_SEARCH_USER_PATHS = NO;
				CLANG_ANALYZER_NONNULL = YES;
				CLANG_ANALYZER_NUMBER_OBJECT_CONVERSION = YES_AGGRESSIVE;
				CLANG_CXX_LANGUAGE_STANDARD = "gnu++14";
				CLANG_CXX_LIBRARY = "libc++";
				CLANG_ENABLE_MODULES = YES;
				CLANG_ENABLE_OBJC_ARC = YES;
				CLANG_ENABLE_OBJC_WEAK = YES;
				CLANG_WARN_BLOCK_CAPTURE_AUTORELEASING = YES;
				CLANG_WARN_BOOL_CONVERSION = YES;
				CLANG_WARN_COMMA = YES;
				CLANG_WARN_CONSTANT_CONVERSION = YES;
				CLANG_WARN_DEPRECATED_OBJC_IMPLEMENTATIONS = YES;
				CLANG_WARN_DIRECT_OBJC_ISA_USAGE = YES_ERROR;
				CLANG_WARN_DOCUMENTATION_COMMENTS = YES;
				CLANG_WARN_EMPTY_BODY = YES;
				CLANG_WARN_ENUM_CONVERSION = YES;
				CLANG_WARN_INFINITE_RECURSION = YES;
				CLANG_WARN_INT_CONVERSION = YES;
				CLANG_WARN_NON_LITERAL_NULL_CONVERSION = YES;
				CLANG_WARN_OBJC_IMPLICIT_RETAIN_SELF = YES;
				CLANG_WARN_OBJC_LITERAL_CONVERSION = YES;
				CLANG_WARN_OBJC_ROOT_CLASS = YES_ERROR;
				CLANG_WARN_RANGE_LOOP_ANALYSIS = YES;
				CLANG_WARN_STRICT_PROTOTYPES = YES;
				CLANG_WARN_SUSPICIOUS_MOVE = YES;
				CLANG_WARN_UNGUARDED_AVAILABILITY = YES_AGGRESSIVE;
				CLANG_WARN_UNREACHABLE_CODE = YES;
				CLANG_WARN__DUPLICATE_METHOD_MATCH = YES;
				CODE_SIGN_IDENTITY = "iPhone Developer";
				COPY_PHASE_STRIP = NO;
				DEBUG_INFORMATION_FORMAT = dwarf;
				ENABLE_STRICT_OBJC_MSGSEND = YES;
				ENABLE_TESTABILITY = YES;
				GCC_C_LANGUAGE_STANDARD = gnu11;
				GCC_DYNAMIC_NO_PIC = NO;
				GCC_NO_COMMON_BLOCKS = YES;
				GCC_OPTIMIZATION_LEVEL = 0;
				GCC_PREPROCESSOR_DEFINITIONS = (
					"DEBUG=1",
					"$(inherited)",
				);
				GCC_WARN_64_TO_32_BIT_CONVERSION = YES;
				GCC_WARN_ABOUT_RETURN_TYPE = YES_ERROR;
				GCC_WARN_UNDECLARED_SELECTOR = YES;
				GCC_WARN_UNINITIALIZED_AUTOS = YES_AGGRESSIVE;
				GCC_WARN_UNUSED_FUNCTION = YES;
				GCC_WARN_UNUSED_VARIABLE = YES;
				IPHONEOS_DEPLOYMENT_TARGET = 12.1;
				MTL_ENABLE_DEBUG_INFO = INCLUDE_SOURCE;
				MTL_FAST_MATH = YES;
				ONLY_ACTIVE_ARCH = YES;
				SDKROOT = iphoneos;
				SWIFT_ACTIVE_COMPILATION_CONDITIONS = DEBUG;
				SWIFT_OPTIMIZATION_LEVEL = "-Onone";
			};
			name = Debug;
		};
		18C06BE8226F7B12008F9985 /* Release */ = {
			isa = XCBuildConfiguration;
			buildSettings = {
				ALWAYS_SEARCH_USER_PATHS = NO;
				CLANG_ANALYZER_NONNULL = YES;
				CLANG_ANALYZER_NUMBER_OBJECT_CONVERSION = YES_AGGRESSIVE;
				CLANG_CXX_LANGUAGE_STANDARD = "gnu++14";
				CLANG_CXX_LIBRARY = "libc++";
				CLANG_ENABLE_MODULES = YES;
				CLANG_ENABLE_OBJC_ARC = YES;
				CLANG_ENABLE_OBJC_WEAK = YES;
				CLANG_WARN_BLOCK_CAPTURE_AUTORELEASING = YES;
				CLANG_WARN_BOOL_CONVERSION = YES;
				CLANG_WARN_COMMA = YES;
				CLANG_WARN_CONSTANT_CONVERSION = YES;
				CLANG_WARN_DEPRECATED_OBJC_IMPLEMENTATIONS = YES;
				CLANG_WARN_DIRECT_OBJC_ISA_USAGE = YES_ERROR;
				CLANG_WARN_DOCUMENTATION_COMMENTS = YES;
				CLANG_WARN_EMPTY_BODY = YES;
				CLANG_WARN_ENUM_CONVERSION = YES;
				CLANG_WARN_INFINITE_RECURSION = YES;
				CLANG_WARN_INT_CONVERSION = YES;
				CLANG_WARN_NON_LITERAL_NULL_CONVERSION = YES;
				CLANG_WARN_OBJC_IMPLICIT_RETAIN_SELF = YES;
				CLANG_WARN_OBJC_LITERAL_CONVERSION = YES;
				CLANG_WARN_OBJC_ROOT_CLASS = YES_ERROR;
				CLANG_WARN_RANGE_LOOP_ANALYSIS = YES;
				CLANG_WARN_STRICT_PROTOTYPES = YES;
				CLANG_WARN_SUSPICIOUS_MOVE = YES;
				CLANG_WARN_UNGUARDED_AVAILABILITY = YES_AGGRESSIVE;
				CLANG_WARN_UNREACHABLE_CODE = YES;
				CLANG_WARN__DUPLICATE_METHOD_MATCH = YES;
				CODE_SIGN_IDENTITY = "iPhone Developer";
				COPY_PHASE_STRIP = NO;
				DEBUG_INFORMATION_FORMAT = "dwarf-with-dsym";
				ENABLE_NS_ASSERTIONS = NO;
				ENABLE_STRICT_OBJC_MSGSEND = YES;
				GCC_C_LANGUAGE_STANDARD = gnu11;
				GCC_NO_COMMON_BLOCKS = YES;
				GCC_WARN_64_TO_32_BIT_CONVERSION = YES;
				GCC_WARN_ABOUT_RETURN_TYPE = YES_ERROR;
				GCC_WARN_UNDECLARED_SELECTOR = YES;
				GCC_WARN_UNINITIALIZED_AUTOS = YES_AGGRESSIVE;
				GCC_WARN_UNUSED_FUNCTION = YES;
				GCC_WARN_UNUSED_VARIABLE = YES;
				IPHONEOS_DEPLOYMENT_TARGET = 12.1;
				MTL_ENABLE_DEBUG_INFO = NO;
				MTL_FAST_MATH = YES;
				SDKROOT = iphoneos;
				SWIFT_COMPILATION_MODE = wholemodule;
				SWIFT_OPTIMIZATION_LEVEL = "-O";
				VALIDATE_PRODUCT = YES;
			};
			name = Release;
		};
		18C06BEA226F7B12008F9985 /* Debug */ = {
			isa = XCBuildConfiguration;
			buildSettings = {
				ASSETCATALOG_COMPILER_APPICON_NAME = AppIcon;
				CODE_SIGN_STYLE = Automatic;
				DEVELOPMENT_TEAM = 38W63G7G92;
				INFOPLIST_FILE = Noteapp/Info.plist;
				IPHONEOS_DEPLOYMENT_TARGET = 12.0;
				LD_RUNPATH_SEARCH_PATHS = (
					"$(inherited)",
					"@executable_path/Frameworks",
				);
				PRODUCT_BUNDLE_IDENTIFIER = JP.LLC.Noteapp;
				PRODUCT_NAME = "$(TARGET_NAME)";
				SWIFT_VERSION = 4.2;
				TARGETED_DEVICE_FAMILY = 1;
			};
			name = Debug;
		};
		18C06BEB226F7B12008F9985 /* Release */ = {
			isa = XCBuildConfiguration;
			buildSettings = {
				ASSETCATALOG_COMPILER_APPICON_NAME = AppIcon;
				CODE_SIGN_STYLE = Automatic;
				DEVELOPMENT_TEAM = 38W63G7G92;
				INFOPLIST_FILE = Noteapp/Info.plist;
				IPHONEOS_DEPLOYMENT_TARGET = 12.0;
				LD_RUNPATH_SEARCH_PATHS = (
					"$(inherited)",
					"@executable_path/Frameworks",
				);
				PRODUCT_BUNDLE_IDENTIFIER = JP.LLC.Noteapp;
				PRODUCT_NAME = "$(TARGET_NAME)";
				SWIFT_VERSION = 4.2;
				TARGETED_DEVICE_FAMILY = 1;
			};
			name = Release;
		};
/* End XCBuildConfiguration section */

/* Begin XCConfigurationList section */
		18C06BCF226F7AF3008F9985 /* Build configuration list for PBXProject "Noteapp" */ = {
			isa = XCConfigurationList;
			buildConfigurations = (
				18C06BE7226F7B12008F9985 /* Debug */,
				18C06BE8226F7B12008F9985 /* Release */,
			);
			defaultConfigurationIsVisible = 0;
			defaultConfigurationName = Release;
		};
		18C06BE9226F7B12008F9985 /* Build configuration list for PBXNativeTarget "Noteapp" */ = {
			isa = XCConfigurationList;
			buildConfigurations = (
				18C06BEA226F7B12008F9985 /* Debug */,
				18C06BEB226F7B12008F9985 /* Release */,
			);
			defaultConfigurationIsVisible = 0;
			defaultConfigurationName = Release;
		};
/* End XCConfigurationList section */

/* Begin XCVersionGroup section */
		18C06BDE226F7AF3008F9985 /* Noteapp.xcdatamodeld */ = {
			isa = XCVersionGroup;
			children = (
				18C06BDF226F7AF3008F9985 /* Noteapp.xcdatamodel */,
			);
			currentVersion = 18C06BDF226F7AF3008F9985 /* Noteapp.xcdatamodel */;
			path = Noteapp.xcdatamodeld;
			sourceTree = "<group>";
			versionGroupType = wrapper.xcdatamodel;
		};
/* End XCVersionGroup section */
	};
	rootObject = 18C06BCC226F7AF3008F9985 /* Project object */;
}
